{
    "name": "babel-for-ie11",
    "version": "1.0.0",
    "description": "Simple setup for testing what I can resonably transpile for IE11 with babel ",
    "main": "package.json",
    "scripts": {},
    "keywords": [
        "babel",
        "ie11"
    ],
    "author": "absolutholz",
    "license": "GPL-3.0-or-later",
    "devDependencies": {
        "@babel/cli": "^7.10.1",
        "@babel/core": "^7.10.2",
        "@babel/preset-env": "^7.10.2"
    }
}
